
Microsoft Visual Studio Solution File, Format Version 12.00
# Visual Studio Version 16
VisualStudioVersion = 16.0.28803.452
MinimumVisualStudioVersion = 10.0.40219.1
Project("{FAE04EC0-301F-11D3-BF4B-00C04F79EFBC}") = "ShahedPersianResearchAlgorithmGUI", "ShahedPersianResearchAlgorithmGUI\ShahedPersianResearchAlgorithmGUI.csproj", "{4484B029-8F65-42CA-A087-81680B204B47}"
EndProject
Global
	GlobalSection(SolutionConfigurationPlatforms) = preSolution
		Debug|Any CPU = Debug|Any CPU
		Release|Any CPU = Release|Any CPU
	EndGlobalSection
	GlobalSection(ProjectConfigurationPlatforms) = postSolution
		{4484B029-8F65-42CA-A087-81680B204B47}.Debug|Any CPU.ActiveCfg = Debug|Any CPU
		{4484B029-8F65-42CA-A087-81680B204B47}.Debug|Any CPU.Build.0 = Debug|Any CPU
		{4484B029-8F65-42CA-A087-81680B204B47}.Release|Any CPU.ActiveCfg = Release|Any CPU
		{4484B029-8F65-42CA-A087-81680B204B47}.Release|Any CPU.Build.0 = Release|Any CPU
	EndGlobalSection
	GlobalSection(SolutionProperties) = preSolution
		HideSolutionNode = FALSE
	EndGlobalSection
	GlobalSection(ExtensibilityGlobals) = postSolution
		SolutionGuid = {03CDAA32-38BC-427D-8988-67D664B976D9}
	EndGlobalSection
EndGlobal
